
Microsoft Visual Studio Solution File, Format Version 12.00
# Visual Studio Version 17
VisualStudioVersion = 17.14.36518.9 d17.14
MinimumVisualStudioVersion = 10.0.40219.1
Project("{FAE04EC0-301F-11D3-BF4B-00C04F79EFBC}") = "C# einführung", "C# einführung\C# einführung.csproj", "{E968577C-A0AB-42BF-B2B4-E5A0607AB55A}"
EndProject
Global
	GlobalSection(SolutionConfigurationPlatforms) = preSolution
		Debug|Any CPU = Debug|Any CPU
		Release|Any CPU = Release|Any CPU
	EndGlobalSection
	GlobalSection(ProjectConfigurationPlatforms) = postSolution
		{E968577C-A0AB-42BF-B2B4-E5A0607AB55A}.Debug|Any CPU.ActiveCfg = Debug|Any CPU
		{E968577C-A0AB-42BF-B2B4-E5A0607AB55A}.Debug|Any CPU.Build.0 = Debug|Any CPU
		{E968577C-A0AB-42BF-B2B4-E5A0607AB55A}.Release|Any CPU.ActiveCfg = Release|Any CPU
		{E968577C-A0AB-42BF-B2B4-E5A0607AB55A}.Release|Any CPU.Build.0 = Release|Any CPU
	EndGlobalSection
	GlobalSection(SolutionProperties) = preSolution
		HideSolutionNode = FALSE
	EndGlobalSection
	GlobalSection(ExtensibilityGlobals) = postSolution
		SolutionGuid = {F59CE822-FF91-4B87-A8EF-CAD2EC6A3E80}
	EndGlobalSection
EndGlobal
